
Microsoft Visual Studio Solution File, Format Version 12.00
# Visual Studio Version 16
VisualStudioVersion = 16.0.31205.134
MinimumVisualStudioVersion = 10.0.40219.1
Project("{FAE04EC0-301F-11D3-BF4B-00C04F79EFBC}") = "RestaurantRaterMvc", "RestaurantRaterMvc\RestaurantRaterMvc.csproj", "{89BB359C-A9AA-4896-812B-283A4F80434C}"
EndProject
Global
	GlobalSection(SolutionConfigurationPlatforms) = preSolution
		Debug|Any CPU = Debug|Any CPU
		Release|Any CPU = Release|Any CPU
	EndGlobalSection
	GlobalSection(ProjectConfigurationPlatforms) = postSolution
		{89BB359C-A9AA-4896-812B-283A4F80434C}.Debug|Any CPU.ActiveCfg = Debug|Any CPU
		{89BB359C-A9AA-4896-812B-283A4F80434C}.Debug|Any CPU.Build.0 = Debug|Any CPU
		{89BB359C-A9AA-4896-812B-283A4F80434C}.Release|Any CPU.ActiveCfg = Release|Any CPU
		{89BB359C-A9AA-4896-812B-283A4F80434C}.Release|Any CPU.Build.0 = Release|Any CPU
	EndGlobalSection
	GlobalSection(SolutionProperties) = preSolution
		HideSolutionNode = FALSE
	EndGlobalSection
	GlobalSection(ExtensibilityGlobals) = postSolution
		SolutionGuid = {B8070DA7-F698-4DF8-A06F-0B8746F03FEB}
	EndGlobalSection
EndGlobal
